Microsoft Visual Studio Solution File, Format Version 11.00
# Visual Studio 2008

Project("{EA5CB5C5-29E1-356C-4E92-5E6342DE6728}") = "MuseumTour_GitHub", "Assembly-CSharp.csproj", "{96F34C07-9E29-EB92-FE63-0286B21890B1}"
EndProject
Project("{EA5CB5C5-29E1-356C-4E92-5E6342DE6728}") = "MuseumTour_GitHub", "Assembly-CSharp-Editor.csproj", "{93C50C25-BC16-F6FE-6900-93C54FD81D0C}"
EndProject
Project("{EA5CB5C5-29E1-356C-4E92-5E6342DE6728}") = "MuseumTour_GitHub", "Assembly-UnityScript-Editor-firstpass.unityproj", "{7B3F0432-EE08-9B92-B028-02CB1CB4D7E0}"
EndProject
Global
	GlobalSection(SolutionConfigurationPlatforms) = preSolution
		Debug|Any CPU = Debug|Any CPU
		Release|Any CPU = Release|Any CPU
	EndGlobalSection
	GlobalSection(ProjectConfigurationPlatforms) = postSolution
		{96F34C07-9E29-EB92-FE63-0286B21890B1}.Debug|Any CPU.ActiveCfg = Debug|Any CPU
		{96F34C07-9E29-EB92-FE63-0286B21890B1}.Debug|Any CPU.Build.0 = Debug|Any CPU
		{96F34C07-9E29-EB92-FE63-0286B21890B1}.Release|Any CPU.ActiveCfg = Release|Any CPU
		{96F34C07-9E29-EB92-FE63-0286B21890B1}.Release|Any CPU.Build.0 = Release|Any CPU
		{93C50C25-BC16-F6FE-6900-93C54FD81D0C}.Debug|Any CPU.ActiveCfg = Debug|Any CPU
		{93C50C25-BC16-F6FE-6900-93C54FD81D0C}.Debug|Any CPU.Build.0 = Debug|Any CPU
		{93C50C25-BC16-F6FE-6900-93C54FD81D0C}.Release|Any CPU.ActiveCfg = Release|Any CPU
		{93C50C25-BC16-F6FE-6900-93C54FD81D0C}.Release|Any CPU.Build.0 = Release|Any CPU
		{7B3F0432-EE08-9B92-B028-02CB1CB4D7E0}.Debug|Any CPU.ActiveCfg = Debug|Any CPU
		{7B3F0432-EE08-9B92-B028-02CB1CB4D7E0}.Debug|Any CPU.Build.0 = Debug|Any CPU
		{7B3F0432-EE08-9B92-B028-02CB1CB4D7E0}.Release|Any CPU.ActiveCfg = Release|Any CPU
		{7B3F0432-EE08-9B92-B028-02CB1CB4D7E0}.Release|Any CPU.Build.0 = Release|Any CPU
	EndGlobalSection
	GlobalSection(SolutionProperties) = preSolution
		HideSolutionNode = FALSE
	EndGlobalSection
		GlobalSection(MonoDevelopProperties) = preSolution
		StartupItem = Assembly-CSharp.csproj
		Policies = $0
		$0.TextStylePolicy = $1
		$1.inheritsSet = null
		$1.scope = text/x-csharp
		$0.CSharpFormattingPolicy = $2
		$2.inheritsSet = Mono
		$2.inheritsScope = text/x-csharp
		$2.scope = text/x-csharp
		$0.TextStylePolicy = $3
		$3.FileWidth = 120
		$3.TabWidth = 4
		$3.EolMarker = Unix
		$3.inheritsSet = Mono
		$3.inheritsScope = text/plain
		$3.scope = text/plain
	EndGlobalSection

EndGlobal
